
Microsoft Visual Studio Solution File, Format Version 12.00
# Visual Studio Version 17
VisualStudioVersion = 17.4.33110.190
MinimumVisualStudioVersion = 10.0.40219.1
Project("{888888A0-9F3D-457C-B088-3A5042F75D52}") = "Def", "Def.pyproj", "{D75B3847-257F-4B2C-AE44-3F8A1CCA2740}"
EndProject
Global
	GlobalSection(SolutionConfigurationPlatforms) = preSolution
		Debug|Any CPU = Debug|Any CPU
		Release|Any CPU = Release|Any CPU
	EndGlobalSection
	GlobalSection(ProjectConfigurationPlatforms) = postSolution
		{D75B3847-257F-4B2C-AE44-3F8A1CCA2740}.Debug|Any CPU.ActiveCfg = Debug|Any CPU
		{D75B3847-257F-4B2C-AE44-3F8A1CCA2740}.Release|Any CPU.ActiveCfg = Release|Any CPU
	EndGlobalSection
	GlobalSection(SolutionProperties) = preSolution
		HideSolutionNode = FALSE
	EndGlobalSection
	GlobalSection(ExtensibilityGlobals) = postSolution
		SolutionGuid = {307A7FE9-8AE2-4F13-A971-A5659442A0F3}
	EndGlobalSection
EndGlobal
